
Microsoft Visual Studio Solution File, Format Version 12.00
# Visual Studio Version 17
VisualStudioVersion = 17.4.33110.190
MinimumVisualStudioVersion = 10.0.40219.1
Project("{FAE04EC0-301F-11D3-BF4B-00C04F79EFBC}") = "001_HelloWorld", "001\001_HelloWorld.csproj", "{C8F036B1-39EC-4F53-B3EB-B170A7D53A19}"
EndProject
Project("{FAE04EC0-301F-11D3-BF4B-00C04F79EFBC}") = "001_Mission", "001_Mission\001_Mission.csproj", "{8658836A-07A8-4A25-A2DA-CB6C3696DF43}"
EndProject
Project("{FAE04EC0-301F-11D3-BF4B-00C04F79EFBC}") = "002_Variable", "002_Variable\002_Variable.csproj", "{6DA5BC71-3291-41A4-AE4B-7B2D10CBC4A4}"
EndProject
Project("{FAE04EC0-301F-11D3-BF4B-00C04F79EFBC}") = "003_Interger", "003_Interger\003_Interger.csproj", "{C79D3413-E516-4559-98AA-9731E48B4ED6}"
EndProject
Project("{FAE04EC0-301F-11D3-BF4B-00C04F79EFBC}") = "002_Mission", "002_Mission\002_Mission.csproj", "{20D06FC0-68C0-4476-8B86-34B1B216B0BD}"
EndProject
Project("{FAE04EC0-301F-11D3-BF4B-00C04F79EFBC}") = "004_Float_Double", "004_Float_Double\004_Float_Double.csproj", "{2CCC3AD9-6C96-496C-AE2D-CDC0993F31E4}"
EndProject
Project("{FAE04EC0-301F-11D3-BF4B-00C04F79EFBC}") = "005_decimal", "005_decimal\005_decimal.csproj", "{79C530A1-E3DC-4D4C-BACD-1DD71A2E0875}"
EndProject
Project("{FAE04EC0-301F-11D3-BF4B-00C04F79EFBC}") = "003_Mission", "003_Mission\003_Mission.csproj", "{D71A7051-84FE-4D34-96AF-4BE57133CA0D}"
EndProject
Global
	GlobalSection(SolutionConfigurationPlatforms) = preSolution
		Debug|Any CPU = Debug|Any CPU
		Release|Any CPU = Release|Any CPU
	EndGlobalSection
	GlobalSection(ProjectConfigurationPlatforms) = postSolution
		{C8F036B1-39EC-4F53-B3EB-B170A7D53A19}.Debug|Any CPU.ActiveCfg = Debug|Any CPU
		{C8F036B1-39EC-4F53-B3EB-B170A7D53A19}.Debug|Any CPU.Build.0 = Debug|Any CPU
		{C8F036B1-39EC-4F53-B3EB-B170A7D53A19}.Release|Any CPU.ActiveCfg = Release|Any CPU
		{C8F036B1-39EC-4F53-B3EB-B170A7D53A19}.Release|Any CPU.Build.0 = Release|Any CPU
		{8658836A-07A8-4A25-A2DA-CB6C3696DF43}.Debug|Any CPU.ActiveCfg = Debug|Any CPU
		{8658836A-07A8-4A25-A2DA-CB6C3696DF43}.Debug|Any CPU.Build.0 = Debug|Any CPU
		{8658836A-07A8-4A25-A2DA-CB6C3696DF43}.Release|Any CPU.ActiveCfg = Release|Any CPU
		{8658836A-07A8-4A25-A2DA-CB6C3696DF43}.Release|Any CPU.Build.0 = Release|Any CPU
		{6DA5BC71-3291-41A4-AE4B-7B2D10CBC4A4}.Debug|Any CPU.ActiveCfg = Debug|Any CPU
		{6DA5BC71-3291-41A4-AE4B-7B2D10CBC4A4}.Debug|Any CPU.Build.0 = Debug|Any CPU
		{6DA5BC71-3291-41A4-AE4B-7B2D10CBC4A4}.Release|Any CPU.ActiveCfg = Release|Any CPU
		{6DA5BC71-3291-41A4-AE4B-7B2D10CBC4A4}.Release|Any CPU.Build.0 = Release|Any CPU
		{C79D3413-E516-4559-98AA-9731E48B4ED6}.Debug|Any CPU.ActiveCfg = Debug|Any CPU
		{C79D3413-E516-4559-98AA-9731E48B4ED6}.Debug|Any CPU.Build.0 = Debug|Any CPU
		{C79D3413-E516-4559-98AA-9731E48B4ED6}.Release|Any CPU.ActiveCfg = Release|Any CPU
		{C79D3413-E516-4559-98AA-9731E48B4ED6}.Release|Any CPU.Build.0 = Release|Any CPU
		{20D06FC0-68C0-4476-8B86-34B1B216B0BD}.Debug|Any CPU.ActiveCfg = Debug|Any CPU
		{20D06FC0-68C0-4476-8B86-34B1B216B0BD}.Debug|Any CPU.Build.0 = Debug|Any CPU
		{20D06FC0-68C0-4476-8B86-34B1B216B0BD}.Release|Any CPU.ActiveCfg = Release|Any CPU
		{20D06FC0-68C0-4476-8B86-34B1B216B0BD}.Release|Any CPU.Build.0 = Release|Any CPU
		{2CCC3AD9-6C96-496C-AE2D-CDC0993F31E4}.Debug|Any CPU.ActiveCfg = Debug|Any CPU
		{2CCC3AD9-6C96-496C-AE2D-CDC0993F31E4}.Debug|Any CPU.Build.0 = Debug|Any CPU
		{2CCC3AD9-6C96-496C-AE2D-CDC0993F31E4}.Release|Any CPU.ActiveCfg = Release|Any CPU
		{2CCC3AD9-6C96-496C-AE2D-CDC0993F31E4}.Release|Any CPU.Build.0 = Release|Any CPU
		{79C530A1-E3DC-4D4C-BACD-1DD71A2E0875}.Debug|Any CPU.ActiveCfg = Debug|Any CPU
		{79C530A1-E3DC-4D4C-BACD-1DD71A2E0875}.Debug|Any CPU.Build.0 = Debug|Any CPU
		{79C530A1-E3DC-4D4C-BACD-1DD71A2E0875}.Release|Any CPU.ActiveCfg = Release|Any CPU
		{79C530A1-E3DC-4D4C-BACD-1DD71A2E0875}.Release|Any CPU.Build.0 = Release|Any CPU
		{D71A7051-84FE-4D34-96AF-4BE57133CA0D}.Debug|Any CPU.ActiveCfg = Debug|Any CPU
		{D71A7051-84FE-4D34-96AF-4BE57133CA0D}.Debug|Any CPU.Build.0 = Debug|Any CPU
		{D71A7051-84FE-4D34-96AF-4BE57133CA0D}.Release|Any CPU.ActiveCfg = Release|Any CPU
		{D71A7051-84FE-4D34-96AF-4BE57133CA0D}.Release|Any CPU.Build.0 = Release|Any CPU
	EndGlobalSection
	GlobalSection(SolutionProperties) = preSolution
		HideSolutionNode = FALSE
	EndGlobalSection
	GlobalSection(ExtensibilityGlobals) = postSolution
		SolutionGuid = {696C4F88-318E-469B-A3E7-4AF443A012BB}
	EndGlobalSection
EndGlobal
