
Microsoft Visual Studio Solution File, Format Version 12.00
# Visual Studio Version 17
VisualStudioVersion = 17.4.33110.190
MinimumVisualStudioVersion = 10.0.40219.1
Project("{FAE04EC0-301F-11D3-BF4B-00C04F79EFBC}") = "001_HelloWorld", "001\001_HelloWorld.csproj", "{C8F036B1-39EC-4F53-B3EB-B170A7D53A19}"
EndProject
Project("{FAE04EC0-301F-11D3-BF4B-00C04F79EFBC}") = "001_Mission", "001_Mission\001_Mission.csproj", "{8658836A-07A8-4A25-A2DA-CB6C3696DF43}"
EndProject
Project("{FAE04EC0-301F-11D3-BF4B-00C04F79EFBC}") = "002_Variable", "002_Variable\002_Variable.csproj", "{6DA5BC71-3291-41A4-AE4B-7B2D10CBC4A4}"
EndProject
Project("{FAE04EC0-301F-11D3-BF4B-00C04F79EFBC}") = "003_Interger", "003_Interger\003_Interger.csproj", "{C79D3413-E516-4559-98AA-9731E48B4ED6}"
EndProject
Project("{FAE04EC0-301F-11D3-BF4B-00C04F79EFBC}") = "002_Mission", "002_Mission\002_Mission.csproj", "{20D06FC0-68C0-4476-8B86-34B1B216B0BD}"
EndProject
Project("{FAE04EC0-301F-11D3-BF4B-00C04F79EFBC}") = "004_Float_Double", "004_Float_Double\004_Float_Double.csproj", "{2CCC3AD9-6C96-496C-AE2D-CDC0993F31E4}"
EndProject
Project("{FAE04EC0-301F-11D3-BF4B-00C04F79EFBC}") = "005_decimal", "005_decimal\005_decimal.csproj", "{79C530A1-E3DC-4D4C-BACD-1DD71A2E0875}"
EndProject
Project("{FAE04EC0-301F-11D3-BF4B-00C04F79EFBC}") = "003_Mission", "003_Mission\003_Mission.csproj", "{D71A7051-84FE-4D34-96AF-4BE57133CA0D}"
EndProject
Project("{FAE04EC0-301F-11D3-BF4B-00C04F79EFBC}") = "006_Bool", "006_Bool\006_Bool.csproj", "{EBADDC60-7330-487F-857A-B9C7DAED0566}"
EndProject
Project("{FAE04EC0-301F-11D3-BF4B-00C04F79EFBC}") = "007_Const", "007\007_Const.csproj", "{69F6B5E9-6E61-4E73-A373-E868E25E652D}"
EndProject
Project("{FAE04EC0-301F-11D3-BF4B-00C04F79EFBC}") = "008_Enum", "008_Enum\008_Enum.csproj", "{F8EA97E7-F5B1-4C96-8A1F-1C8DE22E45EE}"
EndProject
Project("{FAE04EC0-301F-11D3-BF4B-00C04F79EFBC}") = "009_VAR", "009_VAR\009_VAR.csproj", "{32B09715-19C3-4BBB-B2C5-6401075F79FA}"
EndProject
Project("{FAE04EC0-301F-11D3-BF4B-00C04F79EFBC}") = "010_Nullable", "010_Nullable\010_Nullable.csproj", "{0D12CAC4-36D6-408B-898C-0519ED8BE561}"
EndProject
Project("{FAE04EC0-301F-11D3-BF4B-00C04F79EFBC}") = "011_Char", "011_\011_Char.csproj", "{A260C15A-3243-4052-AF08-6C4D6FD1F30E}"
EndProject
Project("{FAE04EC0-301F-11D3-BF4B-00C04F79EFBC}") = "004_Mission", "004\004_Mission.csproj", "{C1E41D52-14C7-4B90-AF16-955C41F8155A}"
EndProject
Project("{FAE04EC0-301F-11D3-BF4B-00C04F79EFBC}") = "012_WriteLine", "012_WriteLine\012_WriteLine.csproj", "{6A9997A9-4F62-4B5B-9D57-F40203053535}"
EndProject
Project("{FAE04EC0-301F-11D3-BF4B-00C04F79EFBC}") = "013_ReadLine", "013_ReadLine\013_ReadLine.csproj", "{313E753A-2EF6-4F52-AB00-398F84D1465E}"
EndProject
Project("{FAE04EC0-301F-11D3-BF4B-00C04F79EFBC}") = "005_Mission", "005_Mission\005_Mission.csproj", "{6AB8A893-B77C-4C58-AC37-1603BA17F74C}"
EndProject
Project("{FAE04EC0-301F-11D3-BF4B-00C04F79EFBC}") = "014_Operator", "014_Operator\014_Operator.csproj", "{31E23A67-17F6-4C1B-8A28-F0BA7E9EAED1}"
EndProject
Project("{FAE04EC0-301F-11D3-BF4B-00C04F79EFBC}") = "006_Mission", "006_Mission\006_Mission.csproj", "{8DD49E13-2EEE-42F2-A37B-9717D0C073AA}"
EndProject
Project("{FAE04EC0-301F-11D3-BF4B-00C04F79EFBC}") = "015_++_--", "015_++_--\015_++_--.csproj", "{7EBDA102-63DA-4604-82CF-A1C29C1F1610}"
EndProject
Project("{FAE04EC0-301F-11D3-BF4B-00C04F79EFBC}") = "007_Mission", "007_Mission\007_Mission.csproj", "{9392A7DC-DD15-483D-B206-5A138770A6E7}"
EndProject
Project("{FAE04EC0-301F-11D3-BF4B-00C04F79EFBC}") = "016_Compare", "016_Compare\016_Compare.csproj", "{F3DEA055-A291-47BF-83DE-667FC384D767}"
EndProject
Project("{FAE04EC0-301F-11D3-BF4B-00C04F79EFBC}") = "008_Mission", "008_Mission\008_Mission.csproj", "{1AC2024B-9A15-4CF5-9D90-0CAC490E3044}"
EndProject
Project("{FAE04EC0-301F-11D3-BF4B-00C04F79EFBC}") = "017_Logic", "017_Logic\017_Logic.csproj", "{AC118B32-A9D0-4F99-8306-D6660D2CAD19}"
EndProject
Project("{FAE04EC0-301F-11D3-BF4B-00C04F79EFBC}") = "018_BitWise", "018_BitWise\018_BitWise.csproj", "{3F07217C-DC23-4CAF-9CE7-BCC25948EC3D}"
EndProject
Global
	GlobalSection(SolutionConfigurationPlatforms) = preSolution
		Debug|Any CPU = Debug|Any CPU
		Release|Any CPU = Release|Any CPU
	EndGlobalSection
	GlobalSection(ProjectConfigurationPlatforms) = postSolution
		{C8F036B1-39EC-4F53-B3EB-B170A7D53A19}.Debug|Any CPU.ActiveCfg = Debug|Any CPU
		{C8F036B1-39EC-4F53-B3EB-B170A7D53A19}.Debug|Any CPU.Build.0 = Debug|Any CPU
		{C8F036B1-39EC-4F53-B3EB-B170A7D53A19}.Release|Any CPU.ActiveCfg = Release|Any CPU
		{C8F036B1-39EC-4F53-B3EB-B170A7D53A19}.Release|Any CPU.Build.0 = Release|Any CPU
		{8658836A-07A8-4A25-A2DA-CB6C3696DF43}.Debug|Any CPU.ActiveCfg = Debug|Any CPU
		{8658836A-07A8-4A25-A2DA-CB6C3696DF43}.Debug|Any CPU.Build.0 = Debug|Any CPU
		{8658836A-07A8-4A25-A2DA-CB6C3696DF43}.Release|Any CPU.ActiveCfg = Release|Any CPU
		{8658836A-07A8-4A25-A2DA-CB6C3696DF43}.Release|Any CPU.Build.0 = Release|Any CPU
		{6DA5BC71-3291-41A4-AE4B-7B2D10CBC4A4}.Debug|Any CPU.ActiveCfg = Debug|Any CPU
		{6DA5BC71-3291-41A4-AE4B-7B2D10CBC4A4}.Debug|Any CPU.Build.0 = Debug|Any CPU
		{6DA5BC71-3291-41A4-AE4B-7B2D10CBC4A4}.Release|Any CPU.ActiveCfg = Release|Any CPU
		{6DA5BC71-3291-41A4-AE4B-7B2D10CBC4A4}.Release|Any CPU.Build.0 = Release|Any CPU
		{C79D3413-E516-4559-98AA-9731E48B4ED6}.Debug|Any CPU.ActiveCfg = Debug|Any CPU
		{C79D3413-E516-4559-98AA-9731E48B4ED6}.Debug|Any CPU.Build.0 = Debug|Any CPU
		{C79D3413-E516-4559-98AA-9731E48B4ED6}.Release|Any CPU.ActiveCfg = Release|Any CPU
		{C79D3413-E516-4559-98AA-9731E48B4ED6}.Release|Any CPU.Build.0 = Release|Any CPU
		{20D06FC0-68C0-4476-8B86-34B1B216B0BD}.Debug|Any CPU.ActiveCfg = Debug|Any CPU
		{20D06FC0-68C0-4476-8B86-34B1B216B0BD}.Debug|Any CPU.Build.0 = Debug|Any CPU
		{20D06FC0-68C0-4476-8B86-34B1B216B0BD}.Release|Any CPU.ActiveCfg = Release|Any CPU
		{20D06FC0-68C0-4476-8B86-34B1B216B0BD}.Release|Any CPU.Build.0 = Release|Any CPU
		{2CCC3AD9-6C96-496C-AE2D-CDC0993F31E4}.Debug|Any CPU.ActiveCfg = Debug|Any CPU
		{2CCC3AD9-6C96-496C-AE2D-CDC0993F31E4}.Debug|Any CPU.Build.0 = Debug|Any CPU
		{2CCC3AD9-6C96-496C-AE2D-CDC0993F31E4}.Release|Any CPU.ActiveCfg = Release|Any CPU
		{2CCC3AD9-6C96-496C-AE2D-CDC0993F31E4}.Release|Any CPU.Build.0 = Release|Any CPU
		{79C530A1-E3DC-4D4C-BACD-1DD71A2E0875}.Debug|Any CPU.ActiveCfg = Debug|Any CPU
		{79C530A1-E3DC-4D4C-BACD-1DD71A2E0875}.Debug|Any CPU.Build.0 = Debug|Any CPU
		{79C530A1-E3DC-4D4C-BACD-1DD71A2E0875}.Release|Any CPU.ActiveCfg = Release|Any CPU
		{79C530A1-E3DC-4D4C-BACD-1DD71A2E0875}.Release|Any CPU.Build.0 = Release|Any CPU
		{D71A7051-84FE-4D34-96AF-4BE57133CA0D}.Debug|Any CPU.ActiveCfg = Debug|Any CPU
		{D71A7051-84FE-4D34-96AF-4BE57133CA0D}.Debug|Any CPU.Build.0 = Debug|Any CPU
		{D71A7051-84FE-4D34-96AF-4BE57133CA0D}.Release|Any CPU.ActiveCfg = Release|Any CPU
		{D71A7051-84FE-4D34-96AF-4BE57133CA0D}.Release|Any CPU.Build.0 = Release|Any CPU
		{EBADDC60-7330-487F-857A-B9C7DAED0566}.Debug|Any CPU.ActiveCfg = Debug|Any CPU
		{EBADDC60-7330-487F-857A-B9C7DAED0566}.Debug|Any CPU.Build.0 = Debug|Any CPU
		{EBADDC60-7330-487F-857A-B9C7DAED0566}.Release|Any CPU.ActiveCfg = Release|Any CPU
		{EBADDC60-7330-487F-857A-B9C7DAED0566}.Release|Any CPU.Build.0 = Release|Any CPU
		{69F6B5E9-6E61-4E73-A373-E868E25E652D}.Debug|Any CPU.ActiveCfg = Debug|Any CPU
		{69F6B5E9-6E61-4E73-A373-E868E25E652D}.Debug|Any CPU.Build.0 = Debug|Any CPU
		{69F6B5E9-6E61-4E73-A373-E868E25E652D}.Release|Any CPU.ActiveCfg = Release|Any CPU
		{69F6B5E9-6E61-4E73-A373-E868E25E652D}.Release|Any CPU.Build.0 = Release|Any CPU
		{F8EA97E7-F5B1-4C96-8A1F-1C8DE22E45EE}.Debug|Any CPU.ActiveCfg = Debug|Any CPU
		{F8EA97E7-F5B1-4C96-8A1F-1C8DE22E45EE}.Debug|Any CPU.Build.0 = Debug|Any CPU
		{F8EA97E7-F5B1-4C96-8A1F-1C8DE22E45EE}.Release|Any CPU.ActiveCfg = Release|Any CPU
		{F8EA97E7-F5B1-4C96-8A1F-1C8DE22E45EE}.Release|Any CPU.Build.0 = Release|Any CPU
		{32B09715-19C3-4BBB-B2C5-6401075F79FA}.Debug|Any CPU.ActiveCfg = Debug|Any CPU
		{32B09715-19C3-4BBB-B2C5-6401075F79FA}.Debug|Any CPU.Build.0 = Debug|Any CPU
		{32B09715-19C3-4BBB-B2C5-6401075F79FA}.Release|Any CPU.ActiveCfg = Release|Any CPU
		{32B09715-19C3-4BBB-B2C5-6401075F79FA}.Release|Any CPU.Build.0 = Release|Any CPU
		{0D12CAC4-36D6-408B-898C-0519ED8BE561}.Debug|Any CPU.ActiveCfg = Debug|Any CPU
		{0D12CAC4-36D6-408B-898C-0519ED8BE561}.Debug|Any CPU.Build.0 = Debug|Any CPU
		{0D12CAC4-36D6-408B-898C-0519ED8BE561}.Release|Any CPU.ActiveCfg = Release|Any CPU
		{0D12CAC4-36D6-408B-898C-0519ED8BE561}.Release|Any CPU.Build.0 = Release|Any CPU
		{A260C15A-3243-4052-AF08-6C4D6FD1F30E}.Debug|Any CPU.ActiveCfg = Debug|Any CPU
		{A260C15A-3243-4052-AF08-6C4D6FD1F30E}.Debug|Any CPU.Build.0 = Debug|Any CPU
		{A260C15A-3243-4052-AF08-6C4D6FD1F30E}.Release|Any CPU.ActiveCfg = Release|Any CPU
		{A260C15A-3243-4052-AF08-6C4D6FD1F30E}.Release|Any CPU.Build.0 = Release|Any CPU
		{C1E41D52-14C7-4B90-AF16-955C41F8155A}.Debug|Any CPU.ActiveCfg = Debug|Any CPU
		{C1E41D52-14C7-4B90-AF16-955C41F8155A}.Debug|Any CPU.Build.0 = Debug|Any CPU
		{C1E41D52-14C7-4B90-AF16-955C41F8155A}.Release|Any CPU.ActiveCfg = Release|Any CPU
		{C1E41D52-14C7-4B90-AF16-955C41F8155A}.Release|Any CPU.Build.0 = Release|Any CPU
		{6A9997A9-4F62-4B5B-9D57-F40203053535}.Debug|Any CPU.ActiveCfg = Debug|Any CPU
		{6A9997A9-4F62-4B5B-9D57-F40203053535}.Debug|Any CPU.Build.0 = Debug|Any CPU
		{6A9997A9-4F62-4B5B-9D57-F40203053535}.Release|Any CPU.ActiveCfg = Release|Any CPU
		{6A9997A9-4F62-4B5B-9D57-F40203053535}.Release|Any CPU.Build.0 = Release|Any CPU
		{313E753A-2EF6-4F52-AB00-398F84D1465E}.Debug|Any CPU.ActiveCfg = Debug|Any CPU
		{313E753A-2EF6-4F52-AB00-398F84D1465E}.Debug|Any CPU.Build.0 = Debug|Any CPU
		{313E753A-2EF6-4F52-AB00-398F84D1465E}.Release|Any CPU.ActiveCfg = Release|Any CPU
		{313E753A-2EF6-4F52-AB00-398F84D1465E}.Release|Any CPU.Build.0 = Release|Any CPU
		{6AB8A893-B77C-4C58-AC37-1603BA17F74C}.Debug|Any CPU.ActiveCfg = Debug|Any CPU
		{6AB8A893-B77C-4C58-AC37-1603BA17F74C}.Debug|Any CPU.Build.0 = Debug|Any CPU
		{6AB8A893-B77C-4C58-AC37-1603BA17F74C}.Release|Any CPU.ActiveCfg = Release|Any CPU
		{6AB8A893-B77C-4C58-AC37-1603BA17F74C}.Release|Any CPU.Build.0 = Release|Any CPU
		{31E23A67-17F6-4C1B-8A28-F0BA7E9EAED1}.Debug|Any CPU.ActiveCfg = Debug|Any CPU
		{31E23A67-17F6-4C1B-8A28-F0BA7E9EAED1}.Debug|Any CPU.Build.0 = Debug|Any CPU
		{31E23A67-17F6-4C1B-8A28-F0BA7E9EAED1}.Release|Any CPU.ActiveCfg = Release|Any CPU
		{31E23A67-17F6-4C1B-8A28-F0BA7E9EAED1}.Release|Any CPU.Build.0 = Release|Any CPU
		{8DD49E13-2EEE-42F2-A37B-9717D0C073AA}.Debug|Any CPU.ActiveCfg = Debug|Any CPU
		{8DD49E13-2EEE-42F2-A37B-9717D0C073AA}.Debug|Any CPU.Build.0 = Debug|Any CPU
		{8DD49E13-2EEE-42F2-A37B-9717D0C073AA}.Release|Any CPU.ActiveCfg = Release|Any CPU
		{8DD49E13-2EEE-42F2-A37B-9717D0C073AA}.Release|Any CPU.Build.0 = Release|Any CPU
		{7EBDA102-63DA-4604-82CF-A1C29C1F1610}.Debug|Any CPU.ActiveCfg = Debug|Any CPU
		{7EBDA102-63DA-4604-82CF-A1C29C1F1610}.Debug|Any CPU.Build.0 = Debug|Any CPU
		{7EBDA102-63DA-4604-82CF-A1C29C1F1610}.Release|Any CPU.ActiveCfg = Release|Any CPU
		{7EBDA102-63DA-4604-82CF-A1C29C1F1610}.Release|Any CPU.Build.0 = Release|Any CPU
		{9392A7DC-DD15-483D-B206-5A138770A6E7}.Debug|Any CPU.ActiveCfg = Debug|Any CPU
		{9392A7DC-DD15-483D-B206-5A138770A6E7}.Debug|Any CPU.Build.0 = Debug|Any CPU
		{9392A7DC-DD15-483D-B206-5A138770A6E7}.Release|Any CPU.ActiveCfg = Release|Any CPU
		{9392A7DC-DD15-483D-B206-5A138770A6E7}.Release|Any CPU.Build.0 = Release|Any CPU
		{F3DEA055-A291-47BF-83DE-667FC384D767}.Debug|Any CPU.ActiveCfg = Debug|Any CPU
		{F3DEA055-A291-47BF-83DE-667FC384D767}.Debug|Any CPU.Build.0 = Debug|Any CPU
		{F3DEA055-A291-47BF-83DE-667FC384D767}.Release|Any CPU.ActiveCfg = Release|Any CPU
		{F3DEA055-A291-47BF-83DE-667FC384D767}.Release|Any CPU.Build.0 = Release|Any CPU
		{1AC2024B-9A15-4CF5-9D90-0CAC490E3044}.Debug|Any CPU.ActiveCfg = Debug|Any CPU
		{1AC2024B-9A15-4CF5-9D90-0CAC490E3044}.Debug|Any CPU.Build.0 = Debug|Any CPU
		{1AC2024B-9A15-4CF5-9D90-0CAC490E3044}.Release|Any CPU.ActiveCfg = Release|Any CPU
		{1AC2024B-9A15-4CF5-9D90-0CAC490E3044}.Release|Any CPU.Build.0 = Release|Any CPU
		{AC118B32-A9D0-4F99-8306-D6660D2CAD19}.Debug|Any CPU.ActiveCfg = Debug|Any CPU
		{AC118B32-A9D0-4F99-8306-D6660D2CAD19}.Debug|Any CPU.Build.0 = Debug|Any CPU
		{AC118B32-A9D0-4F99-8306-D6660D2CAD19}.Release|Any CPU.ActiveCfg = Release|Any CPU
		{AC118B32-A9D0-4F99-8306-D6660D2CAD19}.Release|Any CPU.Build.0 = Release|Any CPU
		{3F07217C-DC23-4CAF-9CE7-BCC25948EC3D}.Debug|Any CPU.ActiveCfg = Debug|Any CPU
		{3F07217C-DC23-4CAF-9CE7-BCC25948EC3D}.Debug|Any CPU.Build.0 = Debug|Any CPU
		{3F07217C-DC23-4CAF-9CE7-BCC25948EC3D}.Release|Any CPU.ActiveCfg = Release|Any CPU
		{3F07217C-DC23-4CAF-9CE7-BCC25948EC3D}.Release|Any CPU.Build.0 = Release|Any CPU
	EndGlobalSection
	GlobalSection(SolutionProperties) = preSolution
		HideSolutionNode = FALSE
	EndGlobalSection
	GlobalSection(ExtensibilityGlobals) = postSolution
		SolutionGuid = {696C4F88-318E-469B-A3E7-4AF443A012BB}
	EndGlobalSection
EndGlobal
